
Microsoft Visual Studio Solution File, Format Version 12.00
# Visual Studio Version 16
VisualStudioVersion = 16.0.30225.117
MinimumVisualStudioVersion = 10.0.40219.1
Project("{8BC9CEB8-8B4A-11D0-8D11-00A0C91BC942}") = "PNet", "PNet\PNet.vcxproj", "{96D90A55-A7E4-4939-A9D2-99A719332A7D}"
EndProject
Project("{8BC9CEB8-8B4A-11D0-8D11-00A0C91BC942}") = "Server", "Server\Server.vcxproj", "{26D01CEF-92C4-41A2-9C06-A5EBDA063681}"
	ProjectSection(ProjectDependencies) = postProject
		{96D90A55-A7E4-4939-A9D2-99A719332A7D} = {96D90A55-A7E4-4939-A9D2-99A719332A7D}
	EndProjectSection
EndProject
Project("{8BC9CEB8-8B4A-11D0-8D11-00A0C91BC942}") = "Client", "Client\Client.vcxproj", "{A3CE5DAC-0BCC-44B6-B568-45C5DB99AB04}"
	ProjectSection(ProjectDependencies) = postProject
		{96D90A55-A7E4-4939-A9D2-99A719332A7D} = {96D90A55-A7E4-4939-A9D2-99A719332A7D}
	EndProjectSection
EndProject
Global
	GlobalSection(SolutionConfigurationPlatforms) = preSolution
		Debug|x64 = Debug|x64
		Debug|x86 = Debug|x86
		Release|x64 = Release|x64
		Release|x86 = Release|x86
	EndGlobalSection
	GlobalSection(ProjectConfigurationPlatforms) = postSolution
		{96D90A55-A7E4-4939-A9D2-99A719332A7D}.Debug|x64.ActiveCfg = Debug|x64
		{96D90A55-A7E4-4939-A9D2-99A719332A7D}.Debug|x64.Build.0 = Debug|x64
		{96D90A55-A7E4-4939-A9D2-99A719332A7D}.Debug|x86.ActiveCfg = Debug|Win32
		{96D90A55-A7E4-4939-A9D2-99A719332A7D}.Debug|x86.Build.0 = Debug|Win32
		{96D90A55-A7E4-4939-A9D2-99A719332A7D}.Release|x64.ActiveCfg = Release|x64
		{96D90A55-A7E4-4939-A9D2-99A719332A7D}.Release|x64.Build.0 = Release|x64
		{96D90A55-A7E4-4939-A9D2-99A719332A7D}.Release|x86.ActiveCfg = Release|Win32
		{96D90A55-A7E4-4939-A9D2-99A719332A7D}.Release|x86.Build.0 = Release|Win32
		{26D01CEF-92C4-41A2-9C06-A5EBDA063681}.Debug|x64.ActiveCfg = Debug|x64
		{26D01CEF-92C4-41A2-9C06-A5EBDA063681}.Debug|x64.Build.0 = Debug|x64
		{26D01CEF-92C4-41A2-9C06-A5EBDA063681}.Debug|x86.ActiveCfg = Debug|Win32
		{26D01CEF-92C4-41A2-9C06-A5EBDA063681}.Debug|x86.Build.0 = Debug|Win32
		{26D01CEF-92C4-41A2-9C06-A5EBDA063681}.Release|x64.ActiveCfg = Release|x64
		{26D01CEF-92C4-41A2-9C06-A5EBDA063681}.Release|x64.Build.0 = Release|x64
		{26D01CEF-92C4-41A2-9C06-A5EBDA063681}.Release|x86.ActiveCfg = Release|Win32
		{26D01CEF-92C4-41A2-9C06-A5EBDA063681}.Release|x86.Build.0 = Release|Win32
		{A3CE5DAC-0BCC-44B6-B568-45C5DB99AB04}.Debug|x64.ActiveCfg = Debug|x64
		{A3CE5DAC-0BCC-44B6-B568-45C5DB99AB04}.Debug|x64.Build.0 = Debug|x64
		{A3CE5DAC-0BCC-44B6-B568-45C5DB99AB04}.Debug|x86.ActiveCfg = Debug|Win32
		{A3CE5DAC-0BCC-44B6-B568-45C5DB99AB04}.Debug|x86.Build.0 = Debug|Win32
		{A3CE5DAC-0BCC-44B6-B568-45C5DB99AB04}.Release|x64.ActiveCfg = Release|x64
		{A3CE5DAC-0BCC-44B6-B568-45C5DB99AB04}.Release|x64.Build.0 = Release|x64
		{A3CE5DAC-0BCC-44B6-B568-45C5DB99AB04}.Release|x86.ActiveCfg = Release|Win32
		{A3CE5DAC-0BCC-44B6-B568-45C5DB99AB04}.Release|x86.Build.0 = Release|Win32
	EndGlobalSection
	GlobalSection(SolutionProperties) = preSolution
		HideSolutionNode = FALSE
	EndGlobalSection
	GlobalSection(ExtensibilityGlobals) = postSolution
		SolutionGuid = {56C9B0FD-71A9-4D43-B56F-0897276EB36A}
	EndGlobalSection
EndGlobal
